
Microsoft Visual Studio Solution File, Format Version 12.00
# Visual Studio Version 16
VisualStudioVersion = 16.0.29306.81
MinimumVisualStudioVersion = 10.0.40219.1
Project("{FAE04EC0-301F-11D3-BF4B-00C04F79EFBC}") = "WebApplication1", "WebApplication1.csproj", "{8D59A6E6-7DF0-4C78-B029-15A8B0BF89CC}"
EndProject
Global
	GlobalSection(SolutionConfigurationPlatforms) = preSolution
		Debug|Any CPU = Debug|Any CPU
		Release|Any CPU = Release|Any CPU
	EndGlobalSection
	GlobalSection(ProjectConfigurationPlatforms) = postSolution
		{8D59A6E6-7DF0-4C78-B029-15A8B0BF89CC}.Debug|Any CPU.ActiveCfg = Debug|Any CPU
		{8D59A6E6-7DF0-4C78-B029-15A8B0BF89CC}.Debug|Any CPU.Build.0 = Debug|Any CPU
		{8D59A6E6-7DF0-4C78-B029-15A8B0BF89CC}.Release|Any CPU.ActiveCfg = Release|Any CPU
		{8D59A6E6-7DF0-4C78-B029-15A8B0BF89CC}.Release|Any CPU.Build.0 = Release|Any CPU
	EndGlobalSection
	GlobalSection(SolutionProperties) = preSolution
		HideSolutionNode = FALSE
	EndGlobalSection
	GlobalSection(ExtensibilityGlobals) = postSolution
		SolutionGuid = {BAD416B9-401C-41AF-BC89-3348405C76FC}
	EndGlobalSection
EndGlobal
